<?xml version="1.0" encoding="utf-8"?>
<Project ToolsVersion="4.0" xmlns="http://schemas.microsoft.com/developer/msbuild/2003">
  <ItemGroup>
    <Filter Include="Source Files">
      <UniqueIdentifier>{4FC737F1-C7A5-4376-A066-2A32D752A2FF}</UniqueIdentifier>
      <Extensions>cpp;c;cc;cxx;def;odl;idl;hpj;bat;asm;asmx</Extensions>
    </Filter>
    <Filter Include="Resource Files">
      <UniqueIdentifier>{67DA6AB6-F800-4c08-8B7A-83BB121AAD01}</UniqueIdentifier>
      <Extensions>rc;ico;cur;bmp;dlg;rc2;rct;bin;rgs;gif;jpg;jpeg;jpe;resx;tiff;tif;png;wav;mfcribbon-ms</Extensions>
    </Filter>
    <Filter Include="Source Files\sdl">
      <UniqueIdentifier>{361fdb3b-baa0-43c7-aec0-93ae5a2b16e3}</UniqueIdentifier>
    </Filter>
    <Filter Include="Source Files\hal">
      <UniqueIdentifier>{6474f2db-9271-469d-9a2e-a83fd54b4014}</UniqueIdentifier>
    </Filter>
    <Filter Include="Source Files\win32">
      <UniqueIdentifier>{ce5c63ac-9ba2-4f26-9bb7-b255f91f8172}</UniqueIdentifier>
    </Filter>
    <Filter Include="Source Files\rb">
      <UniqueIdentifier>{542c5b3f-35e3-42e2-9fac-5478c0d701ab}</UniqueIdentifier>
    </Filter>
    <Filter Include="Source Files\elib">
      <UniqueIdentifier>{962a0b65-cf27-4516-9764-d91672ad1993}</UniqueIdentifier>
    </Filter>
    <Filter Include="Source Files\gl">
      <UniqueIdentifier>{ab39f6d2-f9ac-46c9-9c71-846f8bb03305}</UniqueIdentifier>
    </Filter>
    <Filter Include="Source Files\glm">
      <UniqueIdentifier>{6dfc806f-5dd9-4a1e-8605-039fd83b3794}</UniqueIdentifier>
    </Filter>
    <Filter Include="Source Files\glm\ext">
      <UniqueIdentifier>{abf1dbc5-8cfa-460f-af95-c98006a44bc9}</UniqueIdentifier>
    </Filter>
    <Filter Include="Source Files\renderintr">
      <UniqueIdentifier>{0f3ebd53-ee95-406c-99b0-d712edaa4873}</UniqueIdentifier>
    </Filter>
    <Filter Include="Source Files\gl4">
      <UniqueIdentifier>{1118522a-717c-4661-b188-e28bf32dde88}</UniqueIdentifier>
    </Filter>
  </ItemGroup>
  <ItemGroup>
    <ClCompile Include="..\src\am_main.c">
      <Filter>Source Files</Filter>
    </ClCompile>
    <ClCompile Include="..\src\comnjag.c">
      <Filter>Source Files</Filter>
    </ClCompile>
    <ClCompile Include="..\src\d_main.c">
      <Filter>Source Files</Filter>
    </ClCompile>
    <ClCompile Include="..\src\f_main.c">
      <Filter>Source Files</Filter>
    </ClCompile>
    <ClCompile Include="..\src\g_game.c">
      <Filter>Source Files</Filter>
    </ClCompile>
    <ClCompile Include="..\src\in_main.c">
      <Filter>Source Files</Filter>
    </ClCompile>
    <ClCompile Include="..\src\info.c">
      <Filter>Source Files</Filter>
    </ClCompile>
    <ClCompile Include="..\src\jagonly.c">
      <Filter>Source Files</Filter>
    </ClCompile>
    <ClCompile Include="..\src\m_main.c">
      <Filter>Source Files</Filter>
    </ClCompile>
    <ClCompile Include="..\src\o_main.c">
      <Filter>Source Files</Filter>
    </ClCompile>
    <ClCompile Include="..\src\p_ceilng.c">
      <Filter>Source Files</Filter>
    </ClCompile>
    <ClCompile Include="..\src\p_change.c">
      <Filter>Source Files</Filter>
    </ClCompile>
    <ClCompile Include="..\src\p_doors.c">
      <Filter>Source Files</Filter>
    </ClCompile>
    <ClCompile Include="..\src\p_enemy.c">
      <Filter>Source Files</Filter>
    </ClCompile>
    <ClCompile Include="..\src\p_floor.c">
      <Filter>Source Files</Filter>
    </ClCompile>
    <ClCompile Include="..\src\p_inter.c">
      <Filter>Source Files</Filter>
    </ClCompile>
    <ClCompile Include="..\src\p_lights.c">
      <Filter>Source Files</Filter>
    </ClCompile>
    <ClCompile Include="..\src\p_map.c">
      <Filter>Source Files</Filter>
    </ClCompile>
    <ClCompile Include="..\src\p_maputl.c">
      <Filter>Source Files</Filter>
    </ClCompile>
    <ClCompile Include="..\src\p_mobj.c">
      <Filter>Source Files</Filter>
    </ClCompile>
    <ClCompile Include="..\src\p_plats.c">
      <Filter>Source Files</Filter>
    </ClCompile>
    <ClCompile Include="..\src\p_pspr.c">
      <Filter>Source Files</Filter>
    </ClCompile>
    <ClCompile Include="..\src\p_setup.c">
      <Filter>Source Files</Filter>
    </ClCompile>
    <ClCompile Include="..\src\p_spec.c">
      <Filter>Source Files</Filter>
    </ClCompile>
    <ClCompile Include="..\src\p_switch.c">
      <Filter>Source Files</Filter>
    </ClCompile>
    <ClCompile Include="..\src\p_telept.c">
      <Filter>Source Files</Filter>
    </ClCompile>
    <ClCompile Include="..\src\p_tick.c">
      <Filter>Source Files</Filter>
    </ClCompile>
    <ClCompile Include="..\src\p_user.c">
      <Filter>Source Files</Filter>
    </ClCompile>
    <ClCompile Include="..\src\r_data.c">
      <Filter>Source Files</Filter>
    </ClCompile>
    <ClCompile Include="..\src\r_main.c">
      <Filter>Source Files</Filter>
    </ClCompile>
    <ClCompile Include="..\src\s_sound.c">
      <Filter>Source Files</Filter>
    </ClCompile>
    <ClCompile Include="..\src\sounds.c">
      <Filter>Source Files</Filter>
    </ClCompile>
    <ClCompile Include="..\src\sprinfo.c">
      <Filter>Source Files</Filter>
    </ClCompile>
    <ClCompile Include="..\src\st_main.c">
      <Filter>Source Files</Filter>
    </ClCompile>
    <ClCompile Include="..\src\tables.c">
      <Filter>Source Files</Filter>
    </ClCompile>
    <ClCompile Include="..\src\vsprintf.c">
      <Filter>Source Files</Filter>
    </ClCompile>
    <ClCompile Include="..\src\w_wad.c">
      <Filter>Source Files</Filter>
    </ClCompile>
    <ClCompile Include="..\src\z_zone.c">
      <Filter>Source Files</Filter>
    </ClCompile>
    <ClCompile Include="..\src\p_sight.c">
      <Filter>Source Files</Filter>
    </ClCompile>
    <ClCompile Include="..\src\p_base.c">
      <Filter>Source Files</Filter>
    </ClCompile>
    <ClCompile Include="..\src\p_move.c">
      <Filter>Source Files</Filter>
    </ClCompile>
    <ClCompile Include="..\src\p_slide.c">
      <Filter>Source Files</Filter>
    </ClCompile>
    <ClCompile Include="..\src\j_eeprom.c">
      <Filter>Source Files</Filter>
    </ClCompile>
    <ClCompile Include="..\src\p_shoot.c">
      <Filter>Source Files</Filter>
    </ClCompile>
    <ClCompile Include="..\src\r_phase1.c">
      <Filter>Source Files</Filter>
    </ClCompile>
    <ClCompile Include="..\src\r_phase2.c">
      <Filter>Source Files</Filter>
    </ClCompile>
    <ClCompile Include="..\src\r_phase3.c">
      <Filter>Source Files</Filter>
    </ClCompile>
    <ClCompile Include="..\src\r_phase4.c">
      <Filter>Source Files</Filter>
    </ClCompile>
    <ClCompile Include="..\src\win32\win32_main.c">
      <Filter>Source Files\win32</Filter>
    </ClCompile>
    <ClCompile Include="..\src\r_phase5.c">
      <Filter>Source Files</Filter>
    </ClCompile>
    <ClCompile Include="..\src\r_phase6.c">
      <Filter>Source Files</Filter>
    </ClCompile>
    <ClCompile Include="..\src\r_phase7.c">
      <Filter>Source Files</Filter>
    </ClCompile>
    <ClCompile Include="..\src\r_phase8.c">
      <Filter>Source Files</Filter>
    </ClCompile>
    <ClCompile Include="..\src\r_phase9.c">
      <Filter>Source Files</Filter>
    </ClCompile>
    <ClCompile Include="..\src\w_iwad.c">
      <Filter>Source Files</Filter>
    </ClCompile>
    <ClCompile Include="..\src\jagcry.c">
      <Filter>Source Files</Filter>
    </ClCompile>
    <ClCompile Include="..\src\sdl\sdl_init.c">
      <Filter>Source Files\sdl</Filter>
    </ClCompile>
    <ClCompile Include="..\src\hal\hal_ml.c">
      <Filter>Source Files\hal</Filter>
    </ClCompile>
    <ClCompile Include="..\src\sdl\sdl_hal.c">
      <Filter>Source Files\sdl</Filter>
    </ClCompile>
    <ClCompile Include="..\src\hal\hal_init.c">
      <Filter>Source Files\hal</Filter>
    </ClCompile>
    <ClCompile Include="..\src\win32\win32_platform.c">
      <Filter>Source Files\win32</Filter>
    </ClCompile>
    <ClCompile Include="..\src\hal\hal_platform.c">
      <Filter>Source Files\hal</Filter>
    </ClCompile>
    <ClCompile Include="..\src\sdl\sdl_video.cpp">
      <Filter>Source Files\sdl</Filter>
    </ClCompile>
    <ClCompile Include="..\src\rb\rb_draw.cpp">
      <Filter>Source Files\rb</Filter>
    </ClCompile>
    <ClCompile Include="..\src\rb\rb_main.cpp">
      <Filter>Source Files\rb</Filter>
    </ClCompile>
    <ClCompile Include="..\src\rb\rb_texture.cpp">
      <Filter>Source Files\rb</Filter>
    </ClCompile>
    <ClCompile Include="..\src\rb\valloc.cpp">
      <Filter>Source Files\rb</Filter>
    </ClCompile>
    <ClCompile Include="..\src\hal\hal_video.c">
      <Filter>Source Files\hal</Filter>
    </ClCompile>
    <ClCompile Include="..\src\hal\hal_input.c">
      <Filter>Source Files\hal</Filter>
    </ClCompile>
    <ClCompile Include="..\src\sdl\sdl_input.cpp">
      <Filter>Source Files\sdl</Filter>
    </ClCompile>
    <ClCompile Include="..\src\elib\configfile.cpp">
      <Filter>Source Files\elib</Filter>
    </ClCompile>
    <ClCompile Include="..\src\elib\misc.cpp">
      <Filter>Source Files\elib</Filter>
    </ClCompile>
    <ClCompile Include="..\src\elib\parser.cpp">
      <Filter>Source Files\elib</Filter>
    </ClCompile>
    <ClCompile Include="..\src\elib\qstring.cpp">
      <Filter>Source Files\elib</Filter>
    </ClCompile>
    <ClCompile Include="..\src\elib\zone.cpp">
      <Filter>Source Files\elib</Filter>
    </ClCompile>
    <ClCompile Include="..\src\elib\atexit.cpp">
      <Filter>Source Files\elib</Filter>
    </ClCompile>
    <ClCompile Include="..\src\gl\gl_render.cpp">
      <Filter>Source Files\gl</Filter>
    </ClCompile>
    <ClCompile Include="..\src\gl\resource.cpp">
      <Filter>Source Files\gl</Filter>
    </ClCompile>
    <ClCompile Include="..\src\sdl\sdl_timer.cpp">
      <Filter>Source Files\sdl</Filter>
    </ClCompile>
    <ClCompile Include="..\src\hal\hal_timer.c">
      <Filter>Source Files\hal</Filter>
    </ClCompile>
    <ClCompile Include="..\src\hal\hal_sfx.c">
      <Filter>Source Files\hal</Filter>
    </ClCompile>
    <ClCompile Include="..\src\sdl\sdl_sound.cpp">
      <Filter>Source Files\sdl</Filter>
    </ClCompile>
    <ClCompile Include="..\src\s_soundfmt.cpp">
      <Filter>Source Files</Filter>
    </ClCompile>
    <ClCompile Include="..\src\g_options.cpp">
      <Filter>Source Files</Filter>
    </ClCompile>
    <ClCompile Include="..\src\rb\rb_shader.cpp">
      <Filter>Source Files\rb</Filter>
    </ClCompile>
    <ClCompile Include="..\src\rb\rb_vao.cpp">
      <Filter>Source Files\rb</Filter>
    </ClCompile>
    <ClCompile Include="..\src\renderintr\ri_interface.cpp">
      <Filter>Source Files\renderintr</Filter>
    </ClCompile>
    <ClCompile Include="..\src\gl4\gl4_render.cpp">
      <Filter>Source Files\gl4</Filter>
    </ClCompile>
    <ClCompile Include="..\src\gl\gl_textures.cpp">
      <Filter>Source Files\gl</Filter>
    </ClCompile>
    <ClCompile Include="..\src\gl\gl_framebuffer.cpp">
      <Filter>Source Files\gl</Filter>
    </ClCompile>
    <ClCompile Include="..\src\gl\gl_drawcmd.cpp">
      <Filter>Source Files\gl</Filter>
    </ClCompile>
    <ClCompile Include="..\src\gl4\gl4_buffers.cpp">
      <Filter>Source Files\gl4</Filter>
    </ClCompile>
    <ClCompile Include="..\src\elib\m_argv.c">
      <Filter>Source Files\elib</Filter>
    </ClCompile>
  </ItemGroup>
  <ItemGroup>
    <ClInclude Include="..\src\glm-0.9.9.6\glm\common.hpp">
      <Filter>Source Files\glm</Filter>
    </ClInclude>
    <ClInclude Include="..\src\glm-0.9.9.6\glm\exponential.hpp">
      <Filter>Source Files\glm</Filter>
    </ClInclude>
    <ClInclude Include="..\src\glm-0.9.9.6\glm\ext.hpp">
      <Filter>Source Files\glm</Filter>
    </ClInclude>
    <ClInclude Include="..\src\glm-0.9.9.6\glm\fwd.hpp">
      <Filter>Source Files\glm</Filter>
    </ClInclude>
    <ClInclude Include="..\src\glm-0.9.9.6\glm\geometric.hpp">
      <Filter>Source Files\glm</Filter>
    </ClInclude>
    <ClInclude Include="..\src\glm-0.9.9.6\glm\glm.hpp">
      <Filter>Source Files\glm</Filter>
    </ClInclude>
    <ClInclude Include="..\src\glm-0.9.9.6\glm\integer.hpp">
      <Filter>Source Files\glm</Filter>
    </ClInclude>
    <ClInclude Include="..\src\glm-0.9.9.6\glm\mat2x2.hpp">
      <Filter>Source Files\glm</Filter>
    </ClInclude>
    <ClInclude Include="..\src\glm-0.9.9.6\glm\mat2x3.hpp">
      <Filter>Source Files\glm</Filter>
    </ClInclude>
    <ClInclude Include="..\src\glm-0.9.9.6\glm\mat2x4.hpp">
      <Filter>Source Files\glm</Filter>
    </ClInclude>
    <ClInclude Include="..\src\glm-0.9.9.6\glm\mat3x2.hpp">
      <Filter>Source Files\glm</Filter>
    </ClInclude>
    <ClInclude Include="..\src\glm-0.9.9.6\glm\mat3x3.hpp">
      <Filter>Source Files\glm</Filter>
    </ClInclude>
    <ClInclude Include="..\src\glm-0.9.9.6\glm\mat3x4.hpp">
      <Filter>Source Files\glm</Filter>
    </ClInclude>
    <ClInclude Include="..\src\glm-0.9.9.6\glm\mat4x2.hpp">
      <Filter>Source Files\glm</Filter>
    </ClInclude>
    <ClInclude Include="..\src\glm-0.9.9.6\glm\mat4x3.hpp">
      <Filter>Source Files\glm</Filter>
    </ClInclude>
    <ClInclude Include="..\src\glm-0.9.9.6\glm\mat4x4.hpp">
      <Filter>Source Files\glm</Filter>
    </ClInclude>
    <ClInclude Include="..\src\glm-0.9.9.6\glm\matrix.hpp">
      <Filter>Source Files\glm</Filter>
    </ClInclude>
    <ClInclude Include="..\src\glm-0.9.9.6\glm\packing.hpp">
      <Filter>Source Files\glm</Filter>
    </ClInclude>
    <ClInclude Include="..\src\glm-0.9.9.6\glm\trigonometric.hpp">
      <Filter>Source Files\glm</Filter>
    </ClInclude>
    <ClInclude Include="..\src\glm-0.9.9.6\glm\vec2.hpp">
      <Filter>Source Files\glm</Filter>
    </ClInclude>
    <ClInclude Include="..\src\glm-0.9.9.6\glm\vec3.hpp">
      <Filter>Source Files\glm</Filter>
    </ClInclude>
    <ClInclude Include="..\src\glm-0.9.9.6\glm\vec4.hpp">
      <Filter>Source Files\glm</Filter>
    </ClInclude>
    <ClInclude Include="..\src\glm-0.9.9.6\glm\vector_relational.hpp">
      <Filter>Source Files\glm</Filter>
    </ClInclude>
    <ClInclude Include="..\src\elib\atexit.h">
      <Filter>Source Files\elib</Filter>
    </ClInclude>
    <ClInclude Include="..\src\elib\bdlist.h">
      <Filter>Source Files\elib</Filter>
    </ClInclude>
    <ClInclude Include="..\src\elib\binary.h">
      <Filter>Source Files\elib</Filter>
    </ClInclude>
    <ClInclude Include="..\src\elib\compare.h">
      <Filter>Source Files\elib</Filter>
    </ClInclude>
    <ClInclude Include="..\src\elib\configfile.h">
      <Filter>Source Files\elib</Filter>
    </ClInclude>
    <ClInclude Include="..\src\elib\dllist.h">
      <Filter>Source Files\elib</Filter>
    </ClInclude>
    <ClInclude Include="..\src\elib\elib.h">
      <Filter>Source Files\elib</Filter>
    </ClInclude>
    <ClInclude Include="..\src\elib\esmartptr.h">
      <Filter>Source Files\elib</Filter>
    </ClInclude>
    <ClInclude Include="..\src\elib\m_ctype.h">
      <Filter>Source Files\elib</Filter>
    </ClInclude>
    <ClInclude Include="..\src\elib\misc.h">
      <Filter>Source Files\elib</Filter>
    </ClInclude>
    <ClInclude Include="..\src\elib\parser.h">
      <Filter>Source Files\elib</Filter>
    </ClInclude>
    <ClInclude Include="..\src\elib\qstring.h">
      <Filter>Source Files\elib</Filter>
    </ClInclude>
    <ClInclude Include="..\src\elib\swap.h">
      <Filter>Source Files\elib</Filter>
    </ClInclude>
    <ClInclude Include="..\src\elib\zone.h">
      <Filter>Source Files\elib</Filter>
    </ClInclude>
    <ClInclude Include="..\src\gl\gl_render.h">
      <Filter>Source Files\gl</Filter>
    </ClInclude>
    <ClInclude Include="..\src\gl\resource.h">
      <Filter>Source Files\gl</Filter>
    </ClInclude>
    <ClInclude Include="..\src\hal\hal_init.h">
      <Filter>Source Files\hal</Filter>
    </ClInclude>
    <ClInclude Include="..\src\hal\hal_input.h">
      <Filter>Source Files\hal</Filter>
    </ClInclude>
    <ClInclude Include="..\src\hal\hal_ml.h">
      <Filter>Source Files\hal</Filter>
    </ClInclude>
    <ClInclude Include="..\src\hal\hal_platform.h">
      <Filter>Source Files\hal</Filter>
    </ClInclude>
    <ClInclude Include="..\src\hal\hal_sfx.h">
      <Filter>Source Files\hal</Filter>
    </ClInclude>
    <ClInclude Include="..\src\hal\hal_timer.h">
      <Filter>Source Files\hal</Filter>
    </ClInclude>
    <ClInclude Include="..\src\hal\hal_types.h">
      <Filter>Source Files\hal</Filter>
    </ClInclude>
    <ClInclude Include="..\src\hal\hal_video.h">
      <Filter>Source Files\hal</Filter>
    </ClInclude>
    <ClInclude Include="..\src\rb\rb_common.h">
      <Filter>Source Files\rb</Filter>
    </ClInclude>
    <ClInclude Include="..\src\rb\rb_draw.h">
      <Filter>Source Files\rb</Filter>
    </ClInclude>
    <ClInclude Include="..\src\rb\rb_main.h">
      <Filter>Source Files\rb</Filter>
    </ClInclude>
    <ClInclude Include="..\src\rb\rb_shader.h">
      <Filter>Source Files\rb</Filter>
    </ClInclude>
    <ClInclude Include="..\src\rb\rb_texture.h">
      <Filter>Source Files\rb</Filter>
    </ClInclude>
    <ClInclude Include="..\src\rb\rb_types.h">
      <Filter>Source Files\rb</Filter>
    </ClInclude>
    <ClInclude Include="..\src\rb\valloc.h">
      <Filter>Source Files\rb</Filter>
    </ClInclude>
    <ClInclude Include="..\src\sdl\sdl_hal.h">
      <Filter>Source Files\sdl</Filter>
    </ClInclude>
    <ClInclude Include="..\src\sdl\sdl_init.h">
      <Filter>Source Files\sdl</Filter>
    </ClInclude>
    <ClInclude Include="..\src\sdl\sdl_input.h">
      <Filter>Source Files\sdl</Filter>
    </ClInclude>
    <ClInclude Include="..\src\sdl\sdl_sound.h">
      <Filter>Source Files\sdl</Filter>
    </ClInclude>
    <ClInclude Include="..\src\sdl\sdl_timer.h">
      <Filter>Source Files\sdl</Filter>
    </ClInclude>
    <ClInclude Include="..\src\sdl\sdl_video.h">
      <Filter>Source Files\sdl</Filter>
    </ClInclude>
    <ClInclude Include="..\src\win32\win32_platform.h">
      <Filter>Source Files\win32</Filter>
    </ClInclude>
    <ClInclude Include="..\src\doomdata.h">
      <Filter>Source Files</Filter>
    </ClInclude>
    <ClInclude Include="..\src\doomdef.h">
      <Filter>Source Files</Filter>
    </ClInclude>
    <ClInclude Include="..\src\g_options.h">
      <Filter>Source Files</Filter>
    </ClInclude>
    <ClInclude Include="..\src\info.h">
      <Filter>Source Files</Filter>
    </ClInclude>
    <ClInclude Include="..\src\jagcry.h">
      <Filter>Source Files</Filter>
    </ClInclude>
    <ClInclude Include="..\src\jagpad.h">
      <Filter>Source Files</Filter>
    </ClInclude>
    <ClInclude Include="..\src\keywords.h">
      <Filter>Source Files</Filter>
    </ClInclude>
    <ClInclude Include="..\src\music.h">
      <Filter>Source Files</Filter>
    </ClInclude>
    <ClInclude Include="..\src\p_local.h">
      <Filter>Source Files</Filter>
    </ClInclude>
    <ClInclude Include="..\src\p_spec.h">
      <Filter>Source Files</Filter>
    </ClInclude>
    <ClInclude Include="..\src\r_local.h">
      <Filter>Source Files</Filter>
    </ClInclude>
    <ClInclude Include="resource.h">
      <Filter>Source Files</Filter>
    </ClInclude>
    <ClInclude Include="..\src\s_soundfmt.h">
      <Filter>Source Files</Filter>
    </ClInclude>
    <ClInclude Include="..\src\sound.h">
      <Filter>Source Files</Filter>
    </ClInclude>
    <ClInclude Include="..\src\sounds.h">
      <Filter>Source Files</Filter>
    </ClInclude>
    <ClInclude Include="..\src\soundst.h">
      <Filter>Source Files</Filter>
    </ClInclude>
    <ClInclude Include="..\src\st_main.h">
      <Filter>Source Files</Filter>
    </ClInclude>
    <ClInclude Include="..\src\w_iwad.h">
      <Filter>Source Files</Filter>
    </ClInclude>
    <ClInclude Include="..\src\rb\rb_vao.h">
      <Filter>Source Files\rb</Filter>
    </ClInclude>
    <ClInclude Include="..\src\glm-0.9.9.6\glm\ext\matrix_transform.hpp">
      <Filter>Source Files\glm\ext</Filter>
    </ClInclude>
    <ClInclude Include="..\src\glm-0.9.9.6\glm\ext\matrix_clip_space.hpp">
      <Filter>Source Files\glm\ext</Filter>
    </ClInclude>
    <ClInclude Include="..\src\renderintr\ri_interface.h">
      <Filter>Source Files\renderintr</Filter>
    </ClInclude>
    <ClInclude Include="..\src\gl4\gl4_render.h">
      <Filter>Source Files\gl4</Filter>
    </ClInclude>
    <ClInclude Include="..\src\gl\gl_textures.h">
      <Filter>Source Files\gl</Filter>
    </ClInclude>
    <ClInclude Include="..\src\gl\gl_framebuffer.h">
      <Filter>Source Files\gl</Filter>
    </ClInclude>
    <ClInclude Include="..\src\gl\gl_drawcmd.h">
      <Filter>Source Files\gl</Filter>
    </ClInclude>
    <ClInclude Include="..\src\gl4\gl4_buffers.h">
      <Filter>Source Files\gl4</Filter>
    </ClInclude>
    <ClInclude Include="..\src\elib\m_argv.h">
      <Filter>Source Files\elib</Filter>
    </ClInclude>
  </ItemGroup>
  <ItemGroup>
    <ResourceCompile Include="calico-doom.rc">
      <Filter>Resource Files</Filter>
    </ResourceCompile>
  </ItemGroup>
  <ItemGroup>
    <Image Include="res\calico.ico">
      <Filter>Resource Files</Filter>
    </Image>
  </ItemGroup>
</Project>