<?xml version="1.0" encoding="utf-8"?>
<Project ToolsVersion="4.0" xmlns="http://schemas.microsoft.com/developer/msbuild/2003">
  <ItemGroup>
    <Filter Include="Source Files">
      <UniqueIdentifier>{4FC737F1-C7A5-4376-A066-2A32D752A2FF}</UniqueIdentifier>
      <Extensions>cpp;c;cc;cxx;def;odl;idl;hpj;bat;asm;asmx</Extensions>
    </Filter>
    <Filter Include="Header Files">
      <UniqueIdentifier>{93995380-89BD-4b04-88EB-625FBE52EBFB}</UniqueIdentifier>
      <Extensions>h;hpp;hxx;hm;inl;inc;xsd</Extensions>
    </Filter>
    <Filter Include="Resource Files">
      <UniqueIdentifier>{67DA6AB6-F800-4c08-8B7A-83BB121AAD01}</UniqueIdentifier>
      <Extensions>rc;ico;cur;bmp;dlg;rc2;rct;bin;rgs;gif;jpg;jpeg;jpe;resx;tiff;tif;png;wav;mfcribbon-ms</Extensions>
    </Filter>
    <Filter Include="Source Files\sdl">
      <UniqueIdentifier>{361fdb3b-baa0-43c7-aec0-93ae5a2b16e3}</UniqueIdentifier>
    </Filter>
    <Filter Include="Source Files\hal">
      <UniqueIdentifier>{6474f2db-9271-469d-9a2e-a83fd54b4014}</UniqueIdentifier>
    </Filter>
    <Filter Include="Source Files\win32">
      <UniqueIdentifier>{ce5c63ac-9ba2-4f26-9bb7-b255f91f8172}</UniqueIdentifier>
    </Filter>
    <Filter Include="Header Files\hal">
      <UniqueIdentifier>{1bd4fd28-b6bf-4083-9e80-193e9de390b1}</UniqueIdentifier>
    </Filter>
    <Filter Include="Header Files\sdl">
      <UniqueIdentifier>{41806c4a-1e39-4d7e-8b11-f7312e3a230c}</UniqueIdentifier>
    </Filter>
    <Filter Include="Header Files\win32">
      <UniqueIdentifier>{c4b0aab4-5a8b-4fe3-ad64-49ff40917ea9}</UniqueIdentifier>
    </Filter>
    <Filter Include="Source Files\rb">
      <UniqueIdentifier>{542c5b3f-35e3-42e2-9fac-5478c0d701ab}</UniqueIdentifier>
    </Filter>
    <Filter Include="Header Files\rb">
      <UniqueIdentifier>{5403fc4b-ff18-4833-be8a-f9275f59fdb3}</UniqueIdentifier>
    </Filter>
    <Filter Include="Header Files\elib">
      <UniqueIdentifier>{6f8f8f00-4827-4344-b56e-5d1cccaa8019}</UniqueIdentifier>
    </Filter>
    <Filter Include="Source Files\elib">
      <UniqueIdentifier>{962a0b65-cf27-4516-9764-d91672ad1993}</UniqueIdentifier>
    </Filter>
    <Filter Include="Source Files\gl">
      <UniqueIdentifier>{ab39f6d2-f9ac-46c9-9c71-846f8bb03305}</UniqueIdentifier>
    </Filter>
    <Filter Include="Header Files\gl">
      <UniqueIdentifier>{690e0459-1128-45c1-823a-c0fffe9189ca}</UniqueIdentifier>
    </Filter>
  </ItemGroup>
  <ItemGroup>
    <ClCompile Include="..\src\am_main.c">
      <Filter>Source Files</Filter>
    </ClCompile>
    <ClCompile Include="..\src\comnjag.c">
      <Filter>Source Files</Filter>
    </ClCompile>
    <ClCompile Include="..\src\d_main.c">
      <Filter>Source Files</Filter>
    </ClCompile>
    <ClCompile Include="..\src\f_main.c">
      <Filter>Source Files</Filter>
    </ClCompile>
    <ClCompile Include="..\src\g_game.c">
      <Filter>Source Files</Filter>
    </ClCompile>
    <ClCompile Include="..\src\in_main.c">
      <Filter>Source Files</Filter>
    </ClCompile>
    <ClCompile Include="..\src\info.c">
      <Filter>Source Files</Filter>
    </ClCompile>
    <ClCompile Include="..\src\jagonly.c">
      <Filter>Source Files</Filter>
    </ClCompile>
    <ClCompile Include="..\src\m_main.c">
      <Filter>Source Files</Filter>
    </ClCompile>
    <ClCompile Include="..\src\o_main.c">
      <Filter>Source Files</Filter>
    </ClCompile>
    <ClCompile Include="..\src\p_ceilng.c">
      <Filter>Source Files</Filter>
    </ClCompile>
    <ClCompile Include="..\src\p_change.c">
      <Filter>Source Files</Filter>
    </ClCompile>
    <ClCompile Include="..\src\p_doors.c">
      <Filter>Source Files</Filter>
    </ClCompile>
    <ClCompile Include="..\src\p_enemy.c">
      <Filter>Source Files</Filter>
    </ClCompile>
    <ClCompile Include="..\src\p_floor.c">
      <Filter>Source Files</Filter>
    </ClCompile>
    <ClCompile Include="..\src\p_inter.c">
      <Filter>Source Files</Filter>
    </ClCompile>
    <ClCompile Include="..\src\p_lights.c">
      <Filter>Source Files</Filter>
    </ClCompile>
    <ClCompile Include="..\src\p_map.c">
      <Filter>Source Files</Filter>
    </ClCompile>
    <ClCompile Include="..\src\p_maputl.c">
      <Filter>Source Files</Filter>
    </ClCompile>
    <ClCompile Include="..\src\p_mobj.c">
      <Filter>Source Files</Filter>
    </ClCompile>
    <ClCompile Include="..\src\p_plats.c">
      <Filter>Source Files</Filter>
    </ClCompile>
    <ClCompile Include="..\src\p_pspr.c">
      <Filter>Source Files</Filter>
    </ClCompile>
    <ClCompile Include="..\src\p_setup.c">
      <Filter>Source Files</Filter>
    </ClCompile>
    <ClCompile Include="..\src\p_spec.c">
      <Filter>Source Files</Filter>
    </ClCompile>
    <ClCompile Include="..\src\p_switch.c">
      <Filter>Source Files</Filter>
    </ClCompile>
    <ClCompile Include="..\src\p_telept.c">
      <Filter>Source Files</Filter>
    </ClCompile>
    <ClCompile Include="..\src\p_tick.c">
      <Filter>Source Files</Filter>
    </ClCompile>
    <ClCompile Include="..\src\p_user.c">
      <Filter>Source Files</Filter>
    </ClCompile>
    <ClCompile Include="..\src\r_data.c">
      <Filter>Source Files</Filter>
    </ClCompile>
    <ClCompile Include="..\src\r_main.c">
      <Filter>Source Files</Filter>
    </ClCompile>
    <ClCompile Include="..\src\s_sound.c">
      <Filter>Source Files</Filter>
    </ClCompile>
    <ClCompile Include="..\src\sounds.c">
      <Filter>Source Files</Filter>
    </ClCompile>
    <ClCompile Include="..\src\sprinfo.c">
      <Filter>Source Files</Filter>
    </ClCompile>
    <ClCompile Include="..\src\st_main.c">
      <Filter>Source Files</Filter>
    </ClCompile>
    <ClCompile Include="..\src\tables.c">
      <Filter>Source Files</Filter>
    </ClCompile>
    <ClCompile Include="..\src\vsprintf.c">
      <Filter>Source Files</Filter>
    </ClCompile>
    <ClCompile Include="..\src\w_wad.c">
      <Filter>Source Files</Filter>
    </ClCompile>
    <ClCompile Include="..\src\z_zone.c">
      <Filter>Source Files</Filter>
    </ClCompile>
    <ClCompile Include="..\src\p_sight.c">
      <Filter>Source Files</Filter>
    </ClCompile>
    <ClCompile Include="..\src\p_base.c">
      <Filter>Source Files</Filter>
    </ClCompile>
    <ClCompile Include="..\src\p_move.c">
      <Filter>Source Files</Filter>
    </ClCompile>
    <ClCompile Include="..\src\p_slide.c">
      <Filter>Source Files</Filter>
    </ClCompile>
    <ClCompile Include="..\src\j_eeprom.c">
      <Filter>Source Files</Filter>
    </ClCompile>
    <ClCompile Include="..\src\p_shoot.c">
      <Filter>Source Files</Filter>
    </ClCompile>
    <ClCompile Include="..\src\r_phase1.c">
      <Filter>Source Files</Filter>
    </ClCompile>
    <ClCompile Include="..\src\r_phase2.c">
      <Filter>Source Files</Filter>
    </ClCompile>
    <ClCompile Include="..\src\r_phase3.c">
      <Filter>Source Files</Filter>
    </ClCompile>
    <ClCompile Include="..\src\r_phase4.c">
      <Filter>Source Files</Filter>
    </ClCompile>
    <ClCompile Include="..\src\win32\win32_main.c">
      <Filter>Source Files\win32</Filter>
    </ClCompile>
    <ClCompile Include="..\src\r_phase5.c">
      <Filter>Source Files</Filter>
    </ClCompile>
    <ClCompile Include="..\src\r_phase6.c">
      <Filter>Source Files</Filter>
    </ClCompile>
    <ClCompile Include="..\src\r_phase7.c">
      <Filter>Source Files</Filter>
    </ClCompile>
    <ClCompile Include="..\src\r_phase8.c">
      <Filter>Source Files</Filter>
    </ClCompile>
    <ClCompile Include="..\src\r_phase9.c">
      <Filter>Source Files</Filter>
    </ClCompile>
    <ClCompile Include="..\src\m_argv.c">
      <Filter>Source Files</Filter>
    </ClCompile>
    <ClCompile Include="..\src\w_iwad.c">
      <Filter>Source Files</Filter>
    </ClCompile>
    <ClCompile Include="..\src\jagcry.c">
      <Filter>Source Files</Filter>
    </ClCompile>
    <ClCompile Include="..\src\sdl\sdl_init.c">
      <Filter>Source Files\sdl</Filter>
    </ClCompile>
    <ClCompile Include="..\src\hal\hal_ml.c">
      <Filter>Source Files\hal</Filter>
    </ClCompile>
    <ClCompile Include="..\src\sdl\sdl_hal.c">
      <Filter>Source Files\sdl</Filter>
    </ClCompile>
    <ClCompile Include="..\src\hal\hal_init.c">
      <Filter>Source Files\hal</Filter>
    </ClCompile>
    <ClCompile Include="..\src\win32\win32_platform.c">
      <Filter>Source Files\win32</Filter>
    </ClCompile>
    <ClCompile Include="..\src\hal\hal_platform.c">
      <Filter>Source Files\hal</Filter>
    </ClCompile>
    <ClCompile Include="..\src\sdl\sdl_video.cpp">
      <Filter>Source Files\sdl</Filter>
    </ClCompile>
    <ClCompile Include="..\src\rb\rb_draw.cpp">
      <Filter>Source Files\rb</Filter>
    </ClCompile>
    <ClCompile Include="..\src\rb\rb_main.cpp">
      <Filter>Source Files\rb</Filter>
    </ClCompile>
    <ClCompile Include="..\src\rb\rb_texture.cpp">
      <Filter>Source Files\rb</Filter>
    </ClCompile>
    <ClCompile Include="..\src\rb\valloc.cpp">
      <Filter>Source Files\rb</Filter>
    </ClCompile>
    <ClCompile Include="..\src\hal\hal_video.c">
      <Filter>Source Files\hal</Filter>
    </ClCompile>
    <ClCompile Include="..\src\hal\hal_input.c">
      <Filter>Source Files\hal</Filter>
    </ClCompile>
    <ClCompile Include="..\src\sdl\sdl_input.cpp">
      <Filter>Source Files\sdl</Filter>
    </ClCompile>
    <ClCompile Include="..\src\elib\configfile.cpp">
      <Filter>Source Files\elib</Filter>
    </ClCompile>
    <ClCompile Include="..\src\elib\misc.cpp">
      <Filter>Source Files\elib</Filter>
    </ClCompile>
    <ClCompile Include="..\src\elib\parser.cpp">
      <Filter>Source Files\elib</Filter>
    </ClCompile>
    <ClCompile Include="..\src\elib\qstring.cpp">
      <Filter>Source Files\elib</Filter>
    </ClCompile>
    <ClCompile Include="..\src\elib\zone.cpp">
      <Filter>Source Files\elib</Filter>
    </ClCompile>
    <ClCompile Include="..\src\elib\atexit.cpp">
      <Filter>Source Files\elib</Filter>
    </ClCompile>
    <ClCompile Include="..\src\gl\gl_render.cpp">
      <Filter>Source Files\gl</Filter>
    </ClCompile>
    <ClCompile Include="..\src\gl\resource.cpp">
      <Filter>Source Files\gl</Filter>
    </ClCompile>
    <ClCompile Include="..\src\sdl\sdl_timer.cpp">
      <Filter>Source Files\sdl</Filter>
    </ClCompile>
    <ClCompile Include="..\src\hal\hal_timer.c">
      <Filter>Source Files\hal</Filter>
    </ClCompile>
    <ClCompile Include="..\src\hal\hal_sfx.c">
      <Filter>Source Files\hal</Filter>
    </ClCompile>
    <ClCompile Include="..\src\sdl\sdl_sound.c">
      <Filter>Source Files\sdl</Filter>
    </ClCompile>
  </ItemGroup>
  <ItemGroup>
    <ClInclude Include="..\src\doomdata.h">
      <Filter>Header Files</Filter>
    </ClInclude>
    <ClInclude Include="..\src\doomdef.h">
      <Filter>Header Files</Filter>
    </ClInclude>
    <ClInclude Include="..\src\info.h">
      <Filter>Header Files</Filter>
    </ClInclude>
    <ClInclude Include="..\src\music.h">
      <Filter>Header Files</Filter>
    </ClInclude>
    <ClInclude Include="..\src\p_local.h">
      <Filter>Header Files</Filter>
    </ClInclude>
    <ClInclude Include="..\src\p_spec.h">
      <Filter>Header Files</Filter>
    </ClInclude>
    <ClInclude Include="..\src\r_local.h">
      <Filter>Header Files</Filter>
    </ClInclude>
    <ClInclude Include="..\src\sound.h">
      <Filter>Header Files</Filter>
    </ClInclude>
    <ClInclude Include="..\src\sounds.h">
      <Filter>Header Files</Filter>
    </ClInclude>
    <ClInclude Include="..\src\soundst.h">
      <Filter>Header Files</Filter>
    </ClInclude>
    <ClInclude Include="..\src\st_main.h">
      <Filter>Header Files</Filter>
    </ClInclude>
    <ClInclude Include="..\src\keywords.h">
      <Filter>Header Files</Filter>
    </ClInclude>
    <ClInclude Include="..\src\m_argv.h">
      <Filter>Header Files</Filter>
    </ClInclude>
    <ClInclude Include="..\src\w_iwad.h">
      <Filter>Header Files</Filter>
    </ClInclude>
    <ClInclude Include="..\src\hal\hal_ml.h">
      <Filter>Header Files\hal</Filter>
    </ClInclude>
    <ClInclude Include="..\src\sdl\sdl_init.h">
      <Filter>Header Files\sdl</Filter>
    </ClInclude>
    <ClInclude Include="..\src\hal\hal_types.h">
      <Filter>Header Files\hal</Filter>
    </ClInclude>
    <ClInclude Include="..\src\sdl\sdl_hal.h">
      <Filter>Header Files\sdl</Filter>
    </ClInclude>
    <ClInclude Include="..\src\hal\hal_init.h">
      <Filter>Header Files\hal</Filter>
    </ClInclude>
    <ClInclude Include="..\src\sdl\sdl_video.h">
      <Filter>Header Files\sdl</Filter>
    </ClInclude>
    <ClInclude Include="..\src\hal\hal_platform.h">
      <Filter>Header Files\hal</Filter>
    </ClInclude>
    <ClInclude Include="..\src\win32\win32_platform.h">
      <Filter>Header Files\win32</Filter>
    </ClInclude>
    <ClInclude Include="..\src\rb\rb_common.h">
      <Filter>Header Files\rb</Filter>
    </ClInclude>
    <ClInclude Include="..\src\rb\rb_draw.h">
      <Filter>Header Files\rb</Filter>
    </ClInclude>
    <ClInclude Include="..\src\rb\rb_main.h">
      <Filter>Header Files\rb</Filter>
    </ClInclude>
    <ClInclude Include="..\src\rb\rb_texture.h">
      <Filter>Header Files\rb</Filter>
    </ClInclude>
    <ClInclude Include="..\src\rb\rb_types.h">
      <Filter>Header Files\rb</Filter>
    </ClInclude>
    <ClInclude Include="..\src\rb\valloc.h">
      <Filter>Header Files\rb</Filter>
    </ClInclude>
    <ClInclude Include="..\src\hal\hal_video.h">
      <Filter>Header Files\hal</Filter>
    </ClInclude>
    <ClInclude Include="..\src\hal\hal_input.h">
      <Filter>Header Files\hal</Filter>
    </ClInclude>
    <ClInclude Include="..\src\sdl\sdl_input.h">
      <Filter>Header Files\sdl</Filter>
    </ClInclude>
    <ClInclude Include="..\src\elib\compare.h">
      <Filter>Header Files\elib</Filter>
    </ClInclude>
    <ClInclude Include="..\src\elib\configfile.h">
      <Filter>Header Files\elib</Filter>
    </ClInclude>
    <ClInclude Include="..\src\elib\misc.h">
      <Filter>Header Files\elib</Filter>
    </ClInclude>
    <ClInclude Include="..\src\elib\parser.h">
      <Filter>Header Files\elib</Filter>
    </ClInclude>
    <ClInclude Include="..\src\elib\qstring.h">
      <Filter>Header Files\elib</Filter>
    </ClInclude>
    <ClInclude Include="..\src\elib\zone.h">
      <Filter>Header Files\elib</Filter>
    </ClInclude>
    <ClInclude Include="..\src\elib\m_ctype.h">
      <Filter>Header Files\elib</Filter>
    </ClInclude>
    <ClInclude Include="..\src\elib\elib.h">
      <Filter>Header Files\elib</Filter>
    </ClInclude>
    <ClInclude Include="..\src\elib\atexit.h">
      <Filter>Header Files\elib</Filter>
    </ClInclude>
    <ClInclude Include="resource.h">
      <Filter>Header Files</Filter>
    </ClInclude>
    <ClInclude Include="..\src\jagcry.h">
      <Filter>Header Files</Filter>
    </ClInclude>
    <ClInclude Include="..\src\gl\gl_render.h">
      <Filter>Header Files\gl</Filter>
    </ClInclude>
    <ClInclude Include="..\src\gl\resource.h">
      <Filter>Header Files\gl</Filter>
    </ClInclude>
    <ClInclude Include="..\src\elib\dllist.h">
      <Filter>Header Files\elib</Filter>
    </ClInclude>
    <ClInclude Include="..\src\elib\bdlist.h">
      <Filter>Header Files\elib</Filter>
    </ClInclude>
    <ClInclude Include="..\src\jagpad.h">
      <Filter>Header Files</Filter>
    </ClInclude>
    <ClInclude Include="..\src\sdl\sdl_timer.h">
      <Filter>Header Files\sdl</Filter>
    </ClInclude>
    <ClInclude Include="..\src\hal\hal_timer.h">
      <Filter>Header Files\hal</Filter>
    </ClInclude>
    <ClInclude Include="..\src\hal\hal_sfx.h">
      <Filter>Header Files\hal</Filter>
    </ClInclude>
    <ClInclude Include="..\src\sdl\sdl_sound.h">
      <Filter>Header Files\sdl</Filter>
    </ClInclude>
  </ItemGroup>
  <ItemGroup>
    <ResourceCompile Include="calico-doom.rc">
      <Filter>Resource Files</Filter>
    </ResourceCompile>
  </ItemGroup>
  <ItemGroup>
    <Image Include="res\calico.ico">
      <Filter>Resource Files</Filter>
    </Image>
  </ItemGroup>
</Project>